
Microsoft Visual Studio Solution File, Format Version 12.00
# Visual Studio 14
VisualStudioVersion = 14.0.25420.1
MinimumVisualStudioVersion = 10.0.40219.1
Project("{FAE04EC0-301F-11D3-BF4B-00C04F79EFBC}") = "QRApp", "QRApp\QRApp.csproj", "{CF47FE2E-7C51-4147-B1FD-5359C0589DDB}"
EndProject
Project("{FAE04EC0-301F-11D3-BF4B-00C04F79EFBC}") = "Infrastructure", "Infrastructure\Infrastructure.csproj", "{BA59FC02-9B2A-4625-B86B-157DCC1945F3}"
EndProject
Project("{FAE04EC0-301F-11D3-BF4B-00C04F79EFBC}") = "Model", "Model\Model.csproj", "{19D71053-5207-4E95-9909-7319553A2A08}"
EndProject
Global
	GlobalSection(SolutionConfigurationPlatforms) = preSolution
		Debug|Any CPU = Debug|Any CPU
		Release|Any CPU = Release|Any CPU
	EndGlobalSection
	GlobalSection(ProjectConfigurationPlatforms) = postSolution
		{CF47FE2E-7C51-4147-B1FD-5359C0589DDB}.Debug|Any CPU.ActiveCfg = Debug|Any CPU
		{CF47FE2E-7C51-4147-B1FD-5359C0589DDB}.Debug|Any CPU.Build.0 = Debug|Any CPU
		{CF47FE2E-7C51-4147-B1FD-5359C0589DDB}.Release|Any CPU.ActiveCfg = Release|Any CPU
		{CF47FE2E-7C51-4147-B1FD-5359C0589DDB}.Release|Any CPU.Build.0 = Release|Any CPU
		{BA59FC02-9B2A-4625-B86B-157DCC1945F3}.Debug|Any CPU.ActiveCfg = Debug|Any CPU
		{BA59FC02-9B2A-4625-B86B-157DCC1945F3}.Debug|Any CPU.Build.0 = Debug|Any CPU
		{BA59FC02-9B2A-4625-B86B-157DCC1945F3}.Release|Any CPU.ActiveCfg = Release|Any CPU
		{BA59FC02-9B2A-4625-B86B-157DCC1945F3}.Release|Any CPU.Build.0 = Release|Any CPU
		{19D71053-5207-4E95-9909-7319553A2A08}.Debug|Any CPU.ActiveCfg = Debug|Any CPU
		{19D71053-5207-4E95-9909-7319553A2A08}.Debug|Any CPU.Build.0 = Debug|Any CPU
		{19D71053-5207-4E95-9909-7319553A2A08}.Release|Any CPU.ActiveCfg = Release|Any CPU
		{19D71053-5207-4E95-9909-7319553A2A08}.Release|Any CPU.Build.0 = Release|Any CPU
	EndGlobalSection
	GlobalSection(SolutionProperties) = preSolution
		HideSolutionNode = FALSE
	EndGlobalSection
EndGlobal
